
Microsoft Visual Studio Solution File, Format Version 12.00
# Visual Studio Version 16
VisualStudioVersion = 16.0.31321.278
MinimumVisualStudioVersion = 10.0.40219.1
Project("{FAE04EC0-301F-11D3-BF4B-00C04F79EFBC}") = "doorsaccessnew", "doorsaccessnew\doorsaccessnew.csproj", "{329DF393-3E91-4A36-9745-C0A5A21D7B61}"
EndProject
Global
	GlobalSection(SolutionConfigurationPlatforms) = preSolution
		Debug|Any CPU = Debug|Any CPU
		Release|Any CPU = Release|Any CPU
	EndGlobalSection
	GlobalSection(ProjectConfigurationPlatforms) = postSolution
		{329DF393-3E91-4A36-9745-C0A5A21D7B61}.Debug|Any CPU.ActiveCfg = Debug|Any CPU
		{329DF393-3E91-4A36-9745-C0A5A21D7B61}.Debug|Any CPU.Build.0 = Debug|Any CPU
		{329DF393-3E91-4A36-9745-C0A5A21D7B61}.Release|Any CPU.ActiveCfg = Release|Any CPU
		{329DF393-3E91-4A36-9745-C0A5A21D7B61}.Release|Any CPU.Build.0 = Release|Any CPU
	EndGlobalSection
	GlobalSection(SolutionProperties) = preSolution
		HideSolutionNode = FALSE
	EndGlobalSection
	GlobalSection(ExtensibilityGlobals) = postSolution
		SolutionGuid = {DC8BAC43-34D2-4F69-A1A1-A9A87AD4C647}
	EndGlobalSection
EndGlobal
